
Microsoft Visual Studio Solution File, Format Version 12.00
# Visual Studio Version 17
VisualStudioVersion = 17.0.31903.59
MinimumVisualStudioVersion = 10.0.40219.1
Project("{2150E333-8FDC-42A3-9474-1A3956D46DE8}") = "BotManager.Backend.Entities", "BotManager.Backend.Entities", "{A5FE2B8B-447F-E660-EAB9-4B96F180B6A7}"
EndProject
Project("{FAE04EC0-301F-11D3-BF4B-00C04F79EFBC}") = "BotManager.Backend.Entities", "BotManager.Backend.Entities\BotManager.Backend.Entities.csproj", "{C1B916C2-8101-4F4D-9D71-6D1A3058D31F}"
EndProject
Project("{FAE04EC0-301F-11D3-BF4B-00C04F79EFBC}") = "BotManager.Backend.Services", "BotManager.Backend.Services\BotManager.Backend.Services.csproj", "{CAF610A8-ED31-4EA0-9675-66D2600F28D7}"
EndProject
Project("{FAE04EC0-301F-11D3-BF4B-00C04F79EFBC}") = "BotManager.Backend.API", "BotManager.Backend.API\BotManager.Backend.API.csproj", "{FCEADFD8-7CCB-4511-80C1-D20176E59F50}"
EndProject
Project("{FAE04EC0-301F-11D3-BF4B-00C04F79EFBC}") = "BotManager.Backend.Bots", "BotManager.Backend.Bots\BotManager.Backend.Bots.csproj", "{0F49518F-905F-4F3F-832B-E44F89689F74}"
EndProject
Project("{FAE04EC0-301F-11D3-BF4B-00C04F79EFBC}") = "BotManager.Backend.Shared", "BotManager.Backend.Shared\BotManager.Backend.Shared.csproj", "{8E0E13D8-2B7D-42DC-8CCE-E91D8E0FB29C}"
EndProject
Global
	GlobalSection(SolutionConfigurationPlatforms) = preSolution
		Debug|Any CPU = Debug|Any CPU
		Debug|x64 = Debug|x64
		Debug|x86 = Debug|x86
		Release|Any CPU = Release|Any CPU
		Release|x64 = Release|x64
		Release|x86 = Release|x86
	EndGlobalSection
	GlobalSection(ProjectConfigurationPlatforms) = postSolution
		{C1B916C2-8101-4F4D-9D71-6D1A3058D31F}.Debug|Any CPU.ActiveCfg = Debug|Any CPU
		{C1B916C2-8101-4F4D-9D71-6D1A3058D31F}.Debug|Any CPU.Build.0 = Debug|Any CPU
		{C1B916C2-8101-4F4D-9D71-6D1A3058D31F}.Debug|x64.ActiveCfg = Debug|Any CPU
		{C1B916C2-8101-4F4D-9D71-6D1A3058D31F}.Debug|x64.Build.0 = Debug|Any CPU
		{C1B916C2-8101-4F4D-9D71-6D1A3058D31F}.Debug|x86.ActiveCfg = Debug|Any CPU
		{C1B916C2-8101-4F4D-9D71-6D1A3058D31F}.Debug|x86.Build.0 = Debug|Any CPU
		{C1B916C2-8101-4F4D-9D71-6D1A3058D31F}.Release|Any CPU.ActiveCfg = Release|Any CPU
		{C1B916C2-8101-4F4D-9D71-6D1A3058D31F}.Release|Any CPU.Build.0 = Release|Any CPU
		{C1B916C2-8101-4F4D-9D71-6D1A3058D31F}.Release|x64.ActiveCfg = Release|Any CPU
		{C1B916C2-8101-4F4D-9D71-6D1A3058D31F}.Release|x64.Build.0 = Release|Any CPU
		{C1B916C2-8101-4F4D-9D71-6D1A3058D31F}.Release|x86.ActiveCfg = Release|Any CPU
		{C1B916C2-8101-4F4D-9D71-6D1A3058D31F}.Release|x86.Build.0 = Release|Any CPU
		{CAF610A8-ED31-4EA0-9675-66D2600F28D7}.Debug|Any CPU.ActiveCfg = Debug|Any CPU
		{CAF610A8-ED31-4EA0-9675-66D2600F28D7}.Debug|Any CPU.Build.0 = Debug|Any CPU
		{CAF610A8-ED31-4EA0-9675-66D2600F28D7}.Debug|x64.ActiveCfg = Debug|Any CPU
		{CAF610A8-ED31-4EA0-9675-66D2600F28D7}.Debug|x64.Build.0 = Debug|Any CPU
		{CAF610A8-ED31-4EA0-9675-66D2600F28D7}.Debug|x86.ActiveCfg = Debug|Any CPU
		{CAF610A8-ED31-4EA0-9675-66D2600F28D7}.Debug|x86.Build.0 = Debug|Any CPU
		{CAF610A8-ED31-4EA0-9675-66D2600F28D7}.Release|Any CPU.ActiveCfg = Release|Any CPU
		{CAF610A8-ED31-4EA0-9675-66D2600F28D7}.Release|Any CPU.Build.0 = Release|Any CPU
		{CAF610A8-ED31-4EA0-9675-66D2600F28D7}.Release|x64.ActiveCfg = Release|Any CPU
		{CAF610A8-ED31-4EA0-9675-66D2600F28D7}.Release|x64.Build.0 = Release|Any CPU
		{CAF610A8-ED31-4EA0-9675-66D2600F28D7}.Release|x86.ActiveCfg = Release|Any CPU
		{CAF610A8-ED31-4EA0-9675-66D2600F28D7}.Release|x86.Build.0 = Release|Any CPU
		{FCEADFD8-7CCB-4511-80C1-D20176E59F50}.Debug|Any CPU.ActiveCfg = Debug|Any CPU
		{FCEADFD8-7CCB-4511-80C1-D20176E59F50}.Debug|Any CPU.Build.0 = Debug|Any CPU
		{FCEADFD8-7CCB-4511-80C1-D20176E59F50}.Debug|x64.ActiveCfg = Debug|Any CPU
		{FCEADFD8-7CCB-4511-80C1-D20176E59F50}.Debug|x64.Build.0 = Debug|Any CPU
		{FCEADFD8-7CCB-4511-80C1-D20176E59F50}.Debug|x86.ActiveCfg = Debug|Any CPU
		{FCEADFD8-7CCB-4511-80C1-D20176E59F50}.Debug|x86.Build.0 = Debug|Any CPU
		{FCEADFD8-7CCB-4511-80C1-D20176E59F50}.Release|Any CPU.ActiveCfg = Release|Any CPU
		{FCEADFD8-7CCB-4511-80C1-D20176E59F50}.Release|Any CPU.Build.0 = Release|Any CPU
		{FCEADFD8-7CCB-4511-80C1-D20176E59F50}.Release|x64.ActiveCfg = Release|Any CPU
		{FCEADFD8-7CCB-4511-80C1-D20176E59F50}.Release|x64.Build.0 = Release|Any CPU
		{FCEADFD8-7CCB-4511-80C1-D20176E59F50}.Release|x86.ActiveCfg = Release|Any CPU
		{FCEADFD8-7CCB-4511-80C1-D20176E59F50}.Release|x86.Build.0 = Release|Any CPU
		{0F49518F-905F-4F3F-832B-E44F89689F74}.Debug|Any CPU.ActiveCfg = Debug|Any CPU
		{0F49518F-905F-4F3F-832B-E44F89689F74}.Debug|Any CPU.Build.0 = Debug|Any CPU
		{0F49518F-905F-4F3F-832B-E44F89689F74}.Debug|x64.ActiveCfg = Debug|Any CPU
		{0F49518F-905F-4F3F-832B-E44F89689F74}.Debug|x64.Build.0 = Debug|Any CPU
		{0F49518F-905F-4F3F-832B-E44F89689F74}.Debug|x86.ActiveCfg = Debug|Any CPU
		{0F49518F-905F-4F3F-832B-E44F89689F74}.Debug|x86.Build.0 = Debug|Any CPU
		{0F49518F-905F-4F3F-832B-E44F89689F74}.Release|Any CPU.ActiveCfg = Release|Any CPU
		{0F49518F-905F-4F3F-832B-E44F89689F74}.Release|Any CPU.Build.0 = Release|Any CPU
		{0F49518F-905F-4F3F-832B-E44F89689F74}.Release|x64.ActiveCfg = Release|Any CPU
		{0F49518F-905F-4F3F-832B-E44F89689F74}.Release|x64.Build.0 = Release|Any CPU
		{0F49518F-905F-4F3F-832B-E44F89689F74}.Release|x86.ActiveCfg = Release|Any CPU
		{0F49518F-905F-4F3F-832B-E44F89689F74}.Release|x86.Build.0 = Release|Any CPU
		{8E0E13D8-2B7D-42DC-8CCE-E91D8E0FB29C}.Debug|Any CPU.ActiveCfg = Debug|Any CPU
		{8E0E13D8-2B7D-42DC-8CCE-E91D8E0FB29C}.Debug|Any CPU.Build.0 = Debug|Any CPU
		{8E0E13D8-2B7D-42DC-8CCE-E91D8E0FB29C}.Debug|x64.ActiveCfg = Debug|Any CPU
		{8E0E13D8-2B7D-42DC-8CCE-E91D8E0FB29C}.Debug|x64.Build.0 = Debug|Any CPU
		{8E0E13D8-2B7D-42DC-8CCE-E91D8E0FB29C}.Debug|x86.ActiveCfg = Debug|Any CPU
		{8E0E13D8-2B7D-42DC-8CCE-E91D8E0FB29C}.Debug|x86.Build.0 = Debug|Any CPU
		{8E0E13D8-2B7D-42DC-8CCE-E91D8E0FB29C}.Release|Any CPU.ActiveCfg = Release|Any CPU
		{8E0E13D8-2B7D-42DC-8CCE-E91D8E0FB29C}.Release|Any CPU.Build.0 = Release|Any CPU
		{8E0E13D8-2B7D-42DC-8CCE-E91D8E0FB29C}.Release|x64.ActiveCfg = Release|Any CPU
		{8E0E13D8-2B7D-42DC-8CCE-E91D8E0FB29C}.Release|x64.Build.0 = Release|Any CPU
		{8E0E13D8-2B7D-42DC-8CCE-E91D8E0FB29C}.Release|x86.ActiveCfg = Release|Any CPU
		{8E0E13D8-2B7D-42DC-8CCE-E91D8E0FB29C}.Release|x86.Build.0 = Release|Any CPU
	EndGlobalSection
	GlobalSection(SolutionProperties) = preSolution
		HideSolutionNode = FALSE
	EndGlobalSection
	GlobalSection(NestedProjects) = preSolution
		{C1B916C2-8101-4F4D-9D71-6D1A3058D31F} = {A5FE2B8B-447F-E660-EAB9-4B96F180B6A7}
	EndGlobalSection
EndGlobal
